
Microsoft Visual Studio Solution File, Format Version 12.00
# Visual Studio Version 17
VisualStudioVersion = 17.8.34330.188
MinimumVisualStudioVersion = 10.0.40219.1
Project("{FAE04EC0-301F-11D3-BF4B-00C04F79EFBC}") = "PhishingPlatform", "PhishingPlatform.csproj", "{548BE58D-7EDB-4848-87CA-1D20C509A89B}"
EndProject
Global
	GlobalSection(SolutionConfigurationPlatforms) = preSolution
		Debug|Any CPU = Debug|Any CPU
		Release|Any CPU = Release|Any CPU
	EndGlobalSection
	GlobalSection(ProjectConfigurationPlatforms) = postSolution
		{548BE58D-7EDB-4848-87CA-1D20C509A89B}.Debug|Any CPU.ActiveCfg = Debug|Any CPU
		{548BE58D-7EDB-4848-87CA-1D20C509A89B}.Debug|Any CPU.Build.0 = Debug|Any CPU
		{548BE58D-7EDB-4848-87CA-1D20C509A89B}.Release|Any CPU.ActiveCfg = Release|Any CPU
		{548BE58D-7EDB-4848-87CA-1D20C509A89B}.Release|Any CPU.Build.0 = Release|Any CPU
	EndGlobalSection
	GlobalSection(SolutionProperties) = preSolution
		HideSolutionNode = FALSE
	EndGlobalSection
	GlobalSection(ExtensibilityGlobals) = postSolution
		SolutionGuid = {7F17B9C1-2321-4DBB-B376-4935EF0D9EF9}
	EndGlobalSection
EndGlobal
